
Microsoft Visual Studio Solution File, Format Version 12.00
# Visual Studio Version 17
VisualStudioVersion = 17.0.31903.59
MinimumVisualStudioVersion = 10.0.40219.1
Project("{FAE04EC0-301F-11D3-BF4B-00C04F79EFBC}") = "ContactosAPI", "ContactosAPI\ContactosAPI.csproj", "{031E5C3B-34A3-4003-9383-ACA5F27CE2C6}"
EndProject
Project("{FAE04EC0-301F-11D3-BF4B-00C04F79EFBC}") = "ApiContactos.Tests", "ApiContactos.Tests\ApiContactos.Tests.csproj", "{AE779662-2575-4C4D-802B-C97B60B75A4D}"
EndProject
Global
	GlobalSection(SolutionConfigurationPlatforms) = preSolution
		Debug|Any CPU = Debug|Any CPU
		Release|Any CPU = Release|Any CPU
	EndGlobalSection
	GlobalSection(SolutionProperties) = preSolution
		HideSolutionNode = FALSE
	EndGlobalSection
	GlobalSection(ProjectConfigurationPlatforms) = postSolution
		{031E5C3B-34A3-4003-9383-ACA5F27CE2C6}.Debug|Any CPU.ActiveCfg = Debug|Any CPU
		{031E5C3B-34A3-4003-9383-ACA5F27CE2C6}.Debug|Any CPU.Build.0 = Debug|Any CPU
		{031E5C3B-34A3-4003-9383-ACA5F27CE2C6}.Release|Any CPU.ActiveCfg = Release|Any CPU
		{031E5C3B-34A3-4003-9383-ACA5F27CE2C6}.Release|Any CPU.Build.0 = Release|Any CPU
		{AE779662-2575-4C4D-802B-C97B60B75A4D}.Debug|Any CPU.ActiveCfg = Debug|Any CPU
		{AE779662-2575-4C4D-802B-C97B60B75A4D}.Debug|Any CPU.Build.0 = Debug|Any CPU
		{AE779662-2575-4C4D-802B-C97B60B75A4D}.Release|Any CPU.ActiveCfg = Release|Any CPU
		{AE779662-2575-4C4D-802B-C97B60B75A4D}.Release|Any CPU.Build.0 = Release|Any CPU
	EndGlobalSection
EndGlobal
